
Microsoft Visual Studio Solution File, Format Version 12.00
# Visual Studio 14
VisualStudioVersion = 14.0.25420.1
MinimumVisualStudioVersion = 10.0.40219.1
Project("{FAE04EC0-301F-11D3-BF4B-00C04F79EFBC}") = "Webservices", "Webservices\Webservices.csproj", "{0DD26F86-4ADB-4900-B544-ADA13A3999B9}"
EndProject
Project("{FAE04EC0-301F-11D3-BF4B-00C04F79EFBC}") = "App1.Droid", "App1\App1.Droid\App1.Droid.csproj", "{C58EF43C-97E5-4C56-8952-54AFF0C21E52}"
EndProject
Project("{FAE04EC0-301F-11D3-BF4B-00C04F79EFBC}") = "App1.iOS", "App1\App1.iOS\App1.iOS.csproj", "{3ACAB359-2948-4E3A-ADFF-88217B96AD5B}"
EndProject
Project("{FAE04EC0-301F-11D3-BF4B-00C04F79EFBC}") = "App1.WinPhone", "App1\App1.WinPhone\App1.WinPhone.csproj", "{8CEDCACD-E8D9-4AC6-A4B3-F52A1A5FA567}"
EndProject
Project("{FAE04EC0-301F-11D3-BF4B-00C04F79EFBC}") = "App1.UWP", "App1\App1.UWP\App1.UWP.csproj", "{2565FC6A-7CBD-405F-8B58-5AC494EB2718}"
EndProject
Project("{FAE04EC0-301F-11D3-BF4B-00C04F79EFBC}") = "App1.Windows", "App1\App1.Windows\App1.Windows.csproj", "{60B573F2-7D12-43DE-B91D-095A4F2F068A}"
EndProject
Project("{FAE04EC0-301F-11D3-BF4B-00C04F79EFBC}") = "App1", "App1\App1\App1.csproj", "{28B5740A-F926-4D4A-925F-694FCEFD74E6}"
EndProject
Global
	GlobalSection(SolutionConfigurationPlatforms) = preSolution
		Ad-Hoc|Any CPU = Ad-Hoc|Any CPU
		Ad-Hoc|ARM = Ad-Hoc|ARM
		Ad-Hoc|iPhone = Ad-Hoc|iPhone
		Ad-Hoc|iPhoneSimulator = Ad-Hoc|iPhoneSimulator
		Ad-Hoc|x64 = Ad-Hoc|x64
		Ad-Hoc|x86 = Ad-Hoc|x86
		AppStore|Any CPU = AppStore|Any CPU
		AppStore|ARM = AppStore|ARM
		AppStore|iPhone = AppStore|iPhone
		AppStore|iPhoneSimulator = AppStore|iPhoneSimulator
		AppStore|x64 = AppStore|x64
		AppStore|x86 = AppStore|x86
		Debug|Any CPU = Debug|Any CPU
		Debug|ARM = Debug|ARM
		Debug|iPhone = Debug|iPhone
		Debug|iPhoneSimulator = Debug|iPhoneSimulator
		Debug|x64 = Debug|x64
		Debug|x86 = Debug|x86
		Release|Any CPU = Release|Any CPU
		Release|ARM = Release|ARM
		Release|iPhone = Release|iPhone
		Release|iPhoneSimulator = Release|iPhoneSimulator
		Release|x64 = Release|x64
		Release|x86 = Release|x86
	EndGlobalSection
	GlobalSection(ProjectConfigurationPlatforms) = postSolution
		{0DD26F86-4ADB-4900-B544-ADA13A3999B9}.Ad-Hoc|Any CPU.ActiveCfg = Release|Any CPU
		{0DD26F86-4ADB-4900-B544-ADA13A3999B9}.Ad-Hoc|Any CPU.Build.0 = Release|Any CPU
		{0DD26F86-4ADB-4900-B544-ADA13A3999B9}.Ad-Hoc|ARM.ActiveCfg = Release|Any CPU
		{0DD26F86-4ADB-4900-B544-ADA13A3999B9}.Ad-Hoc|ARM.Build.0 = Release|Any CPU
		{0DD26F86-4ADB-4900-B544-ADA13A3999B9}.Ad-Hoc|iPhone.ActiveCfg = Release|Any CPU
		{0DD26F86-4ADB-4900-B544-ADA13A3999B9}.Ad-Hoc|iPhone.Build.0 = Release|Any CPU
		{0DD26F86-4ADB-4900-B544-ADA13A3999B9}.Ad-Hoc|iPhoneSimulator.ActiveCfg = Release|Any CPU
		{0DD26F86-4ADB-4900-B544-ADA13A3999B9}.Ad-Hoc|iPhoneSimulator.Build.0 = Release|Any CPU
		{0DD26F86-4ADB-4900-B544-ADA13A3999B9}.Ad-Hoc|x64.ActiveCfg = Release|Any CPU
		{0DD26F86-4ADB-4900-B544-ADA13A3999B9}.Ad-Hoc|x64.Build.0 = Release|Any CPU
		{0DD26F86-4ADB-4900-B544-ADA13A3999B9}.Ad-Hoc|x86.ActiveCfg = Release|Any CPU
		{0DD26F86-4ADB-4900-B544-ADA13A3999B9}.Ad-Hoc|x86.Build.0 = Release|Any CPU
		{0DD26F86-4ADB-4900-B544-ADA13A3999B9}.AppStore|Any CPU.ActiveCfg = Release|Any CPU
		{0DD26F86-4ADB-4900-B544-ADA13A3999B9}.AppStore|Any CPU.Build.0 = Release|Any CPU
		{0DD26F86-4ADB-4900-B544-ADA13A3999B9}.AppStore|ARM.ActiveCfg = Release|Any CPU
		{0DD26F86-4ADB-4900-B544-ADA13A3999B9}.AppStore|ARM.Build.0 = Release|Any CPU
		{0DD26F86-4ADB-4900-B544-ADA13A3999B9}.AppStore|iPhone.ActiveCfg = Release|Any CPU
		{0DD26F86-4ADB-4900-B544-ADA13A3999B9}.AppStore|iPhone.Build.0 = Release|Any CPU
		{0DD26F86-4ADB-4900-B544-ADA13A3999B9}.AppStore|iPhoneSimulator.ActiveCfg = Release|Any CPU
		{0DD26F86-4ADB-4900-B544-ADA13A3999B9}.AppStore|iPhoneSimulator.Build.0 = Release|Any CPU
		{0DD26F86-4ADB-4900-B544-ADA13A3999B9}.AppStore|x64.ActiveCfg = Release|Any CPU
		{0DD26F86-4ADB-4900-B544-ADA13A3999B9}.AppStore|x64.Build.0 = Release|Any CPU
		{0DD26F86-4ADB-4900-B544-ADA13A3999B9}.AppStore|x86.ActiveCfg = Release|Any CPU
		{0DD26F86-4ADB-4900-B544-ADA13A3999B9}.AppStore|x86.Build.0 = Release|Any CPU
		{0DD26F86-4ADB-4900-B544-ADA13A3999B9}.Debug|Any CPU.ActiveCfg = Debug|Any CPU
		{0DD26F86-4ADB-4900-B544-ADA13A3999B9}.Debug|Any CPU.Build.0 = Debug|Any CPU
		{0DD26F86-4ADB-4900-B544-ADA13A3999B9}.Debug|ARM.ActiveCfg = Debug|Any CPU
		{0DD26F86-4ADB-4900-B544-ADA13A3999B9}.Debug|ARM.Build.0 = Debug|Any CPU
		{0DD26F86-4ADB-4900-B544-ADA13A3999B9}.Debug|iPhone.ActiveCfg = Debug|Any CPU
		{0DD26F86-4ADB-4900-B544-ADA13A3999B9}.Debug|iPhone.Build.0 = Debug|Any CPU
		{0DD26F86-4ADB-4900-B544-ADA13A3999B9}.Debug|iPhoneSimulator.ActiveCfg = Debug|Any CPU
		{0DD26F86-4ADB-4900-B544-ADA13A3999B9}.Debug|iPhoneSimulator.Build.0 = Debug|Any CPU
		{0DD26F86-4ADB-4900-B544-ADA13A3999B9}.Debug|x64.ActiveCfg = Debug|Any CPU
		{0DD26F86-4ADB-4900-B544-ADA13A3999B9}.Debug|x64.Build.0 = Debug|Any CPU
		{0DD26F86-4ADB-4900-B544-ADA13A3999B9}.Debug|x86.ActiveCfg = Debug|Any CPU
		{0DD26F86-4ADB-4900-B544-ADA13A3999B9}.Debug|x86.Build.0 = Debug|Any CPU
		{0DD26F86-4ADB-4900-B544-ADA13A3999B9}.Release|Any CPU.ActiveCfg = Release|Any CPU
		{0DD26F86-4ADB-4900-B544-ADA13A3999B9}.Release|Any CPU.Build.0 = Release|Any CPU
		{0DD26F86-4ADB-4900-B544-ADA13A3999B9}.Release|ARM.ActiveCfg = Release|Any CPU
		{0DD26F86-4ADB-4900-B544-ADA13A3999B9}.Release|ARM.Build.0 = Release|Any CPU
		{0DD26F86-4ADB-4900-B544-ADA13A3999B9}.Release|iPhone.ActiveCfg = Release|Any CPU
		{0DD26F86-4ADB-4900-B544-ADA13A3999B9}.Release|iPhone.Build.0 = Release|Any CPU
		{0DD26F86-4ADB-4900-B544-ADA13A3999B9}.Release|iPhoneSimulator.ActiveCfg = Release|Any CPU
		{0DD26F86-4ADB-4900-B544-ADA13A3999B9}.Release|iPhoneSimulator.Build.0 = Release|Any CPU
		{0DD26F86-4ADB-4900-B544-ADA13A3999B9}.Release|x64.ActiveCfg = Release|Any CPU
		{0DD26F86-4ADB-4900-B544-ADA13A3999B9}.Release|x64.Build.0 = Release|Any CPU
		{0DD26F86-4ADB-4900-B544-ADA13A3999B9}.Release|x86.ActiveCfg = Release|Any CPU
		{0DD26F86-4ADB-4900-B544-ADA13A3999B9}.Release|x86.Build.0 = Release|Any CPU
		{C58EF43C-97E5-4C56-8952-54AFF0C21E52}.Ad-Hoc|Any CPU.ActiveCfg = Release|Any CPU
		{C58EF43C-97E5-4C56-8952-54AFF0C21E52}.Ad-Hoc|Any CPU.Build.0 = Release|Any CPU
		{C58EF43C-97E5-4C56-8952-54AFF0C21E52}.Ad-Hoc|Any CPU.Deploy.0 = Release|Any CPU
		{C58EF43C-97E5-4C56-8952-54AFF0C21E52}.Ad-Hoc|ARM.ActiveCfg = Release|Any CPU
		{C58EF43C-97E5-4C56-8952-54AFF0C21E52}.Ad-Hoc|ARM.Build.0 = Release|Any CPU
		{C58EF43C-97E5-4C56-8952-54AFF0C21E52}.Ad-Hoc|ARM.Deploy.0 = Release|Any CPU
		{C58EF43C-97E5-4C56-8952-54AFF0C21E52}.Ad-Hoc|iPhone.ActiveCfg = Release|Any CPU
		{C58EF43C-97E5-4C56-8952-54AFF0C21E52}.Ad-Hoc|iPhone.Build.0 = Release|Any CPU
		{C58EF43C-97E5-4C56-8952-54AFF0C21E52}.Ad-Hoc|iPhone.Deploy.0 = Release|Any CPU
		{C58EF43C-97E5-4C56-8952-54AFF0C21E52}.Ad-Hoc|iPhoneSimulator.ActiveCfg = Release|Any CPU
		{C58EF43C-97E5-4C56-8952-54AFF0C21E52}.Ad-Hoc|iPhoneSimulator.Build.0 = Release|Any CPU
		{C58EF43C-97E5-4C56-8952-54AFF0C21E52}.Ad-Hoc|iPhoneSimulator.Deploy.0 = Release|Any CPU
		{C58EF43C-97E5-4C56-8952-54AFF0C21E52}.Ad-Hoc|x64.ActiveCfg = Release|Any CPU
		{C58EF43C-97E5-4C56-8952-54AFF0C21E52}.Ad-Hoc|x64.Build.0 = Release|Any CPU
		{C58EF43C-97E5-4C56-8952-54AFF0C21E52}.Ad-Hoc|x64.Deploy.0 = Release|Any CPU
		{C58EF43C-97E5-4C56-8952-54AFF0C21E52}.Ad-Hoc|x86.ActiveCfg = Release|Any CPU
		{C58EF43C-97E5-4C56-8952-54AFF0C21E52}.Ad-Hoc|x86.Build.0 = Release|Any CPU
		{C58EF43C-97E5-4C56-8952-54AFF0C21E52}.Ad-Hoc|x86.Deploy.0 = Release|Any CPU
		{C58EF43C-97E5-4C56-8952-54AFF0C21E52}.AppStore|Any CPU.ActiveCfg = Release|Any CPU
		{C58EF43C-97E5-4C56-8952-54AFF0C21E52}.AppStore|Any CPU.Build.0 = Release|Any CPU
		{C58EF43C-97E5-4C56-8952-54AFF0C21E52}.AppStore|Any CPU.Deploy.0 = Release|Any CPU
		{C58EF43C-97E5-4C56-8952-54AFF0C21E52}.AppStore|ARM.ActiveCfg = Release|Any CPU
		{C58EF43C-97E5-4C56-8952-54AFF0C21E52}.AppStore|ARM.Build.0 = Release|Any CPU
		{C58EF43C-97E5-4C56-8952-54AFF0C21E52}.AppStore|ARM.Deploy.0 = Release|Any CPU
		{C58EF43C-97E5-4C56-8952-54AFF0C21E52}.AppStore|iPhone.ActiveCfg = Release|Any CPU
		{C58EF43C-97E5-4C56-8952-54AFF0C21E52}.AppStore|iPhone.Build.0 = Release|Any CPU
		{C58EF43C-97E5-4C56-8952-54AFF0C21E52}.AppStore|iPhone.Deploy.0 = Release|Any CPU
		{C58EF43C-97E5-4C56-8952-54AFF0C21E52}.AppStore|iPhoneSimulator.ActiveCfg = Release|Any CPU
		{C58EF43C-97E5-4C56-8952-54AFF0C21E52}.AppStore|iPhoneSimulator.Build.0 = Release|Any CPU
		{C58EF43C-97E5-4C56-8952-54AFF0C21E52}.AppStore|iPhoneSimulator.Deploy.0 = Release|Any CPU
		{C58EF43C-97E5-4C56-8952-54AFF0C21E52}.AppStore|x64.ActiveCfg = Release|Any CPU
		{C58EF43C-97E5-4C56-8952-54AFF0C21E52}.AppStore|x64.Build.0 = Release|Any CPU
		{C58EF43C-97E5-4C56-8952-54AFF0C21E52}.AppStore|x64.Deploy.0 = Release|Any CPU
		{C58EF43C-97E5-4C56-8952-54AFF0C21E52}.AppStore|x86.ActiveCfg = Release|Any CPU
		{C58EF43C-97E5-4C56-8952-54AFF0C21E52}.AppStore|x86.Build.0 = Release|Any CPU
		{C58EF43C-97E5-4C56-8952-54AFF0C21E52}.AppStore|x86.Deploy.0 = Release|Any CPU
		{C58EF43C-97E5-4C56-8952-54AFF0C21E52}.Debug|Any CPU.ActiveCfg = Debug|Any CPU
		{C58EF43C-97E5-4C56-8952-54AFF0C21E52}.Debug|Any CPU.Build.0 = Debug|Any CPU
		{C58EF43C-97E5-4C56-8952-54AFF0C21E52}.Debug|Any CPU.Deploy.0 = Debug|Any CPU
		{C58EF43C-97E5-4C56-8952-54AFF0C21E52}.Debug|ARM.ActiveCfg = Debug|Any CPU
		{C58EF43C-97E5-4C56-8952-54AFF0C21E52}.Debug|ARM.Build.0 = Debug|Any CPU
		{C58EF43C-97E5-4C56-8952-54AFF0C21E52}.Debug|ARM.Deploy.0 = Debug|Any CPU
		{C58EF43C-97E5-4C56-8952-54AFF0C21E52}.Debug|iPhone.ActiveCfg = Debug|Any CPU
		{C58EF43C-97E5-4C56-8952-54AFF0C21E52}.Debug|iPhone.Build.0 = Debug|Any CPU
		{C58EF43C-97E5-4C56-8952-54AFF0C21E52}.Debug|iPhone.Deploy.0 = Debug|Any CPU
		{C58EF43C-97E5-4C56-8952-54AFF0C21E52}.Debug|iPhoneSimulator.ActiveCfg = Debug|Any CPU
		{C58EF43C-97E5-4C56-8952-54AFF0C21E52}.Debug|iPhoneSimulator.Build.0 = Debug|Any CPU
		{C58EF43C-97E5-4C56-8952-54AFF0C21E52}.Debug|iPhoneSimulator.Deploy.0 = Debug|Any CPU
		{C58EF43C-97E5-4C56-8952-54AFF0C21E52}.Debug|x64.ActiveCfg = Debug|Any CPU
		{C58EF43C-97E5-4C56-8952-54AFF0C21E52}.Debug|x64.Build.0 = Debug|Any CPU
		{C58EF43C-97E5-4C56-8952-54AFF0C21E52}.Debug|x64.Deploy.0 = Debug|Any CPU
		{C58EF43C-97E5-4C56-8952-54AFF0C21E52}.Debug|x86.ActiveCfg = Debug|Any CPU
		{C58EF43C-97E5-4C56-8952-54AFF0C21E52}.Debug|x86.Build.0 = Debug|Any CPU
		{C58EF43C-97E5-4C56-8952-54AFF0C21E52}.Debug|x86.Deploy.0 = Debug|Any CPU
		{C58EF43C-97E5-4C56-8952-54AFF0C21E52}.Release|Any CPU.ActiveCfg = Release|Any CPU
		{C58EF43C-97E5-4C56-8952-54AFF0C21E52}.Release|Any CPU.Build.0 = Release|Any CPU
		{C58EF43C-97E5-4C56-8952-54AFF0C21E52}.Release|Any CPU.Deploy.0 = Release|Any CPU
		{C58EF43C-97E5-4C56-8952-54AFF0C21E52}.Release|ARM.ActiveCfg = Release|Any CPU
		{C58EF43C-97E5-4C56-8952-54AFF0C21E52}.Release|ARM.Build.0 = Release|Any CPU
		{C58EF43C-97E5-4C56-8952-54AFF0C21E52}.Release|ARM.Deploy.0 = Release|Any CPU
		{C58EF43C-97E5-4C56-8952-54AFF0C21E52}.Release|iPhone.ActiveCfg = Release|Any CPU
		{C58EF43C-97E5-4C56-8952-54AFF0C21E52}.Release|iPhone.Build.0 = Release|Any CPU
		{C58EF43C-97E5-4C56-8952-54AFF0C21E52}.Release|iPhone.Deploy.0 = Release|Any CPU
		{C58EF43C-97E5-4C56-8952-54AFF0C21E52}.Release|iPhoneSimulator.ActiveCfg = Release|Any CPU
		{C58EF43C-97E5-4C56-8952-54AFF0C21E52}.Release|iPhoneSimulator.Build.0 = Release|Any CPU
		{C58EF43C-97E5-4C56-8952-54AFF0C21E52}.Release|iPhoneSimulator.Deploy.0 = Release|Any CPU
		{C58EF43C-97E5-4C56-8952-54AFF0C21E52}.Release|x64.ActiveCfg = Release|Any CPU
		{C58EF43C-97E5-4C56-8952-54AFF0C21E52}.Release|x64.Build.0 = Release|Any CPU
		{C58EF43C-97E5-4C56-8952-54AFF0C21E52}.Release|x64.Deploy.0 = Release|Any CPU
		{C58EF43C-97E5-4C56-8952-54AFF0C21E52}.Release|x86.ActiveCfg = Release|Any CPU
		{C58EF43C-97E5-4C56-8952-54AFF0C21E52}.Release|x86.Build.0 = Release|Any CPU
		{C58EF43C-97E5-4C56-8952-54AFF0C21E52}.Release|x86.Deploy.0 = Release|Any CPU
		{3ACAB359-2948-4E3A-ADFF-88217B96AD5B}.Ad-Hoc|Any CPU.ActiveCfg = Ad-Hoc|iPhone
		{3ACAB359-2948-4E3A-ADFF-88217B96AD5B}.Ad-Hoc|ARM.ActiveCfg = Ad-Hoc|iPhone
		{3ACAB359-2948-4E3A-ADFF-88217B96AD5B}.Ad-Hoc|iPhone.ActiveCfg = Ad-Hoc|iPhone
		{3ACAB359-2948-4E3A-ADFF-88217B96AD5B}.Ad-Hoc|iPhone.Build.0 = Ad-Hoc|iPhone
		{3ACAB359-2948-4E3A-ADFF-88217B96AD5B}.Ad-Hoc|iPhoneSimulator.ActiveCfg = Ad-Hoc|iPhoneSimulator
		{3ACAB359-2948-4E3A-ADFF-88217B96AD5B}.Ad-Hoc|iPhoneSimulator.Build.0 = Ad-Hoc|iPhoneSimulator
		{3ACAB359-2948-4E3A-ADFF-88217B96AD5B}.Ad-Hoc|x64.ActiveCfg = Ad-Hoc|iPhone
		{3ACAB359-2948-4E3A-ADFF-88217B96AD5B}.Ad-Hoc|x86.ActiveCfg = Ad-Hoc|iPhone
		{3ACAB359-2948-4E3A-ADFF-88217B96AD5B}.AppStore|Any CPU.ActiveCfg = AppStore|iPhone
		{3ACAB359-2948-4E3A-ADFF-88217B96AD5B}.AppStore|ARM.ActiveCfg = AppStore|iPhone
		{3ACAB359-2948-4E3A-ADFF-88217B96AD5B}.AppStore|iPhone.ActiveCfg = AppStore|iPhone
		{3ACAB359-2948-4E3A-ADFF-88217B96AD5B}.AppStore|iPhone.Build.0 = AppStore|iPhone
		{3ACAB359-2948-4E3A-ADFF-88217B96AD5B}.AppStore|iPhoneSimulator.ActiveCfg = AppStore|iPhoneSimulator
		{3ACAB359-2948-4E3A-ADFF-88217B96AD5B}.AppStore|iPhoneSimulator.Build.0 = AppStore|iPhoneSimulator
		{3ACAB359-2948-4E3A-ADFF-88217B96AD5B}.AppStore|x64.ActiveCfg = AppStore|iPhone
		{3ACAB359-2948-4E3A-ADFF-88217B96AD5B}.AppStore|x86.ActiveCfg = AppStore|iPhone
		{3ACAB359-2948-4E3A-ADFF-88217B96AD5B}.Debug|Any CPU.ActiveCfg = Debug|iPhone
		{3ACAB359-2948-4E3A-ADFF-88217B96AD5B}.Debug|ARM.ActiveCfg = Debug|iPhone
		{3ACAB359-2948-4E3A-ADFF-88217B96AD5B}.Debug|iPhone.ActiveCfg = Debug|iPhone
		{3ACAB359-2948-4E3A-ADFF-88217B96AD5B}.Debug|iPhone.Build.0 = Debug|iPhone
		{3ACAB359-2948-4E3A-ADFF-88217B96AD5B}.Debug|iPhoneSimulator.ActiveCfg = Debug|iPhoneSimulator
		{3ACAB359-2948-4E3A-ADFF-88217B96AD5B}.Debug|iPhoneSimulator.Build.0 = Debug|iPhoneSimulator
		{3ACAB359-2948-4E3A-ADFF-88217B96AD5B}.Debug|x64.ActiveCfg = Debug|iPhone
		{3ACAB359-2948-4E3A-ADFF-88217B96AD5B}.Debug|x86.ActiveCfg = Debug|iPhone
		{3ACAB359-2948-4E3A-ADFF-88217B96AD5B}.Release|Any CPU.ActiveCfg = Release|iPhone
		{3ACAB359-2948-4E3A-ADFF-88217B96AD5B}.Release|ARM.ActiveCfg = Release|iPhone
		{3ACAB359-2948-4E3A-ADFF-88217B96AD5B}.Release|iPhone.ActiveCfg = Release|iPhone
		{3ACAB359-2948-4E3A-ADFF-88217B96AD5B}.Release|iPhone.Build.0 = Release|iPhone
		{3ACAB359-2948-4E3A-ADFF-88217B96AD5B}.Release|iPhoneSimulator.ActiveCfg = Release|iPhoneSimulator
		{3ACAB359-2948-4E3A-ADFF-88217B96AD5B}.Release|iPhoneSimulator.Build.0 = Release|iPhoneSimulator
		{3ACAB359-2948-4E3A-ADFF-88217B96AD5B}.Release|x64.ActiveCfg = Release|iPhone
		{3ACAB359-2948-4E3A-ADFF-88217B96AD5B}.Release|x86.ActiveCfg = Release|iPhone
		{8CEDCACD-E8D9-4AC6-A4B3-F52A1A5FA567}.Ad-Hoc|Any CPU.ActiveCfg = Release|Any CPU
		{8CEDCACD-E8D9-4AC6-A4B3-F52A1A5FA567}.Ad-Hoc|Any CPU.Build.0 = Release|Any CPU
		{8CEDCACD-E8D9-4AC6-A4B3-F52A1A5FA567}.Ad-Hoc|Any CPU.Deploy.0 = Release|Any CPU
		{8CEDCACD-E8D9-4AC6-A4B3-F52A1A5FA567}.Ad-Hoc|ARM.ActiveCfg = Release|ARM
		{8CEDCACD-E8D9-4AC6-A4B3-F52A1A5FA567}.Ad-Hoc|ARM.Build.0 = Release|ARM
		{8CEDCACD-E8D9-4AC6-A4B3-F52A1A5FA567}.Ad-Hoc|ARM.Deploy.0 = Release|ARM
		{8CEDCACD-E8D9-4AC6-A4B3-F52A1A5FA567}.Ad-Hoc|iPhone.ActiveCfg = Release|Any CPU
		{8CEDCACD-E8D9-4AC6-A4B3-F52A1A5FA567}.Ad-Hoc|iPhone.Build.0 = Release|Any CPU
		{8CEDCACD-E8D9-4AC6-A4B3-F52A1A5FA567}.Ad-Hoc|iPhone.Deploy.0 = Release|Any CPU
		{8CEDCACD-E8D9-4AC6-A4B3-F52A1A5FA567}.Ad-Hoc|iPhoneSimulator.ActiveCfg = Release|Any CPU
		{8CEDCACD-E8D9-4AC6-A4B3-F52A1A5FA567}.Ad-Hoc|iPhoneSimulator.Build.0 = Release|Any CPU
		{8CEDCACD-E8D9-4AC6-A4B3-F52A1A5FA567}.Ad-Hoc|iPhoneSimulator.Deploy.0 = Release|Any CPU
		{8CEDCACD-E8D9-4AC6-A4B3-F52A1A5FA567}.Ad-Hoc|x64.ActiveCfg = Release|Any CPU
		{8CEDCACD-E8D9-4AC6-A4B3-F52A1A5FA567}.Ad-Hoc|x64.Build.0 = Release|Any CPU
		{8CEDCACD-E8D9-4AC6-A4B3-F52A1A5FA567}.Ad-Hoc|x64.Deploy.0 = Release|Any CPU
		{8CEDCACD-E8D9-4AC6-A4B3-F52A1A5FA567}.Ad-Hoc|x86.ActiveCfg = Release|x86
		{8CEDCACD-E8D9-4AC6-A4B3-F52A1A5FA567}.Ad-Hoc|x86.Build.0 = Release|x86
		{8CEDCACD-E8D9-4AC6-A4B3-F52A1A5FA567}.Ad-Hoc|x86.Deploy.0 = Release|x86
		{8CEDCACD-E8D9-4AC6-A4B3-F52A1A5FA567}.AppStore|Any CPU.ActiveCfg = Release|Any CPU
		{8CEDCACD-E8D9-4AC6-A4B3-F52A1A5FA567}.AppStore|Any CPU.Build.0 = Release|Any CPU
		{8CEDCACD-E8D9-4AC6-A4B3-F52A1A5FA567}.AppStore|Any CPU.Deploy.0 = Release|Any CPU
		{8CEDCACD-E8D9-4AC6-A4B3-F52A1A5FA567}.AppStore|ARM.ActiveCfg = Release|ARM
		{8CEDCACD-E8D9-4AC6-A4B3-F52A1A5FA567}.AppStore|ARM.Build.0 = Release|ARM
		{8CEDCACD-E8D9-4AC6-A4B3-F52A1A5FA567}.AppStore|ARM.Deploy.0 = Release|ARM
		{8CEDCACD-E8D9-4AC6-A4B3-F52A1A5FA567}.AppStore|iPhone.ActiveCfg = Release|Any CPU
		{8CEDCACD-E8D9-4AC6-A4B3-F52A1A5FA567}.AppStore|iPhone.Build.0 = Release|Any CPU
		{8CEDCACD-E8D9-4AC6-A4B3-F52A1A5FA567}.AppStore|iPhone.Deploy.0 = Release|Any CPU
		{8CEDCACD-E8D9-4AC6-A4B3-F52A1A5FA567}.AppStore|iPhoneSimulator.ActiveCfg = Release|Any CPU
		{8CEDCACD-E8D9-4AC6-A4B3-F52A1A5FA567}.AppStore|iPhoneSimulator.Build.0 = Release|Any CPU
		{8CEDCACD-E8D9-4AC6-A4B3-F52A1A5FA567}.AppStore|iPhoneSimulator.Deploy.0 = Release|Any CPU
		{8CEDCACD-E8D9-4AC6-A4B3-F52A1A5FA567}.AppStore|x64.ActiveCfg = Release|Any CPU
		{8CEDCACD-E8D9-4AC6-A4B3-F52A1A5FA567}.AppStore|x64.Build.0 = Release|Any CPU
		{8CEDCACD-E8D9-4AC6-A4B3-F52A1A5FA567}.AppStore|x64.Deploy.0 = Release|Any CPU
		{8CEDCACD-E8D9-4AC6-A4B3-F52A1A5FA567}.AppStore|x86.ActiveCfg = Release|x86
		{8CEDCACD-E8D9-4AC6-A4B3-F52A1A5FA567}.AppStore|x86.Build.0 = Release|x86
		{8CEDCACD-E8D9-4AC6-A4B3-F52A1A5FA567}.AppStore|x86.Deploy.0 = Release|x86
		{8CEDCACD-E8D9-4AC6-A4B3-F52A1A5FA567}.Debug|Any CPU.ActiveCfg = Debug|Any CPU
		{8CEDCACD-E8D9-4AC6-A4B3-F52A1A5FA567}.Debug|Any CPU.Build.0 = Debug|Any CPU
		{8CEDCACD-E8D9-4AC6-A4B3-F52A1A5FA567}.Debug|Any CPU.Deploy.0 = Debug|Any CPU
		{8CEDCACD-E8D9-4AC6-A4B3-F52A1A5FA567}.Debug|ARM.ActiveCfg = Debug|ARM
		{8CEDCACD-E8D9-4AC6-A4B3-F52A1A5FA567}.Debug|ARM.Build.0 = Debug|ARM
		{8CEDCACD-E8D9-4AC6-A4B3-F52A1A5FA567}.Debug|ARM.Deploy.0 = Debug|ARM
		{8CEDCACD-E8D9-4AC6-A4B3-F52A1A5FA567}.Debug|iPhone.ActiveCfg = Debug|Any CPU
		{8CEDCACD-E8D9-4AC6-A4B3-F52A1A5FA567}.Debug|iPhone.Build.0 = Debug|Any CPU
		{8CEDCACD-E8D9-4AC6-A4B3-F52A1A5FA567}.Debug|iPhone.Deploy.0 = Debug|Any CPU
		{8CEDCACD-E8D9-4AC6-A4B3-F52A1A5FA567}.Debug|iPhoneSimulator.ActiveCfg = Debug|Any CPU
		{8CEDCACD-E8D9-4AC6-A4B3-F52A1A5FA567}.Debug|iPhoneSimulator.Build.0 = Debug|Any CPU
		{8CEDCACD-E8D9-4AC6-A4B3-F52A1A5FA567}.Debug|iPhoneSimulator.Deploy.0 = Debug|Any CPU
		{8CEDCACD-E8D9-4AC6-A4B3-F52A1A5FA567}.Debug|x64.ActiveCfg = Debug|Any CPU
		{8CEDCACD-E8D9-4AC6-A4B3-F52A1A5FA567}.Debug|x64.Build.0 = Debug|Any CPU
		{8CEDCACD-E8D9-4AC6-A4B3-F52A1A5FA567}.Debug|x64.Deploy.0 = Debug|Any CPU
		{8CEDCACD-E8D9-4AC6-A4B3-F52A1A5FA567}.Debug|x86.ActiveCfg = Debug|x86
		{8CEDCACD-E8D9-4AC6-A4B3-F52A1A5FA567}.Debug|x86.Build.0 = Debug|x86
		{8CEDCACD-E8D9-4AC6-A4B3-F52A1A5FA567}.Debug|x86.Deploy.0 = Debug|x86
		{8CEDCACD-E8D9-4AC6-A4B3-F52A1A5FA567}.Release|Any CPU.ActiveCfg = Release|Any CPU
		{8CEDCACD-E8D9-4AC6-A4B3-F52A1A5FA567}.Release|Any CPU.Build.0 = Release|Any CPU
		{8CEDCACD-E8D9-4AC6-A4B3-F52A1A5FA567}.Release|Any CPU.Deploy.0 = Release|Any CPU
		{8CEDCACD-E8D9-4AC6-A4B3-F52A1A5FA567}.Release|ARM.ActiveCfg = Release|ARM
		{8CEDCACD-E8D9-4AC6-A4B3-F52A1A5FA567}.Release|ARM.Build.0 = Release|ARM
		{8CEDCACD-E8D9-4AC6-A4B3-F52A1A5FA567}.Release|ARM.Deploy.0 = Release|ARM
		{8CEDCACD-E8D9-4AC6-A4B3-F52A1A5FA567}.Release|iPhone.ActiveCfg = Release|Any CPU
		{8CEDCACD-E8D9-4AC6-A4B3-F52A1A5FA567}.Release|iPhone.Build.0 = Release|Any CPU
		{8CEDCACD-E8D9-4AC6-A4B3-F52A1A5FA567}.Release|iPhone.Deploy.0 = Release|Any CPU
		{8CEDCACD-E8D9-4AC6-A4B3-F52A1A5FA567}.Release|iPhoneSimulator.ActiveCfg = Release|Any CPU
		{8CEDCACD-E8D9-4AC6-A4B3-F52A1A5FA567}.Release|iPhoneSimulator.Build.0 = Release|Any CPU
		{8CEDCACD-E8D9-4AC6-A4B3-F52A1A5FA567}.Release|iPhoneSimulator.Deploy.0 = Release|Any CPU
		{8CEDCACD-E8D9-4AC6-A4B3-F52A1A5FA567}.Release|x64.ActiveCfg = Release|Any CPU
		{8CEDCACD-E8D9-4AC6-A4B3-F52A1A5FA567}.Release|x64.Build.0 = Release|Any CPU
		{8CEDCACD-E8D9-4AC6-A4B3-F52A1A5FA567}.Release|x64.Deploy.0 = Release|Any CPU
		{8CEDCACD-E8D9-4AC6-A4B3-F52A1A5FA567}.Release|x86.ActiveCfg = Release|x86
		{8CEDCACD-E8D9-4AC6-A4B3-F52A1A5FA567}.Release|x86.Build.0 = Release|x86
		{8CEDCACD-E8D9-4AC6-A4B3-F52A1A5FA567}.Release|x86.Deploy.0 = Release|x86
		{2565FC6A-7CBD-405F-8B58-5AC494EB2718}.Ad-Hoc|Any CPU.ActiveCfg = Release|x86
		{2565FC6A-7CBD-405F-8B58-5AC494EB2718}.Ad-Hoc|Any CPU.Build.0 = Release|x86
		{2565FC6A-7CBD-405F-8B58-5AC494EB2718}.Ad-Hoc|Any CPU.Deploy.0 = Release|x86
		{2565FC6A-7CBD-405F-8B58-5AC494EB2718}.Ad-Hoc|ARM.ActiveCfg = Release|ARM
		{2565FC6A-7CBD-405F-8B58-5AC494EB2718}.Ad-Hoc|ARM.Build.0 = Release|ARM
		{2565FC6A-7CBD-405F-8B58-5AC494EB2718}.Ad-Hoc|ARM.Deploy.0 = Release|ARM
		{2565FC6A-7CBD-405F-8B58-5AC494EB2718}.Ad-Hoc|iPhone.ActiveCfg = Release|x86
		{2565FC6A-7CBD-405F-8B58-5AC494EB2718}.Ad-Hoc|iPhone.Build.0 = Release|x86
		{2565FC6A-7CBD-405F-8B58-5AC494EB2718}.Ad-Hoc|iPhone.Deploy.0 = Release|x86
		{2565FC6A-7CBD-405F-8B58-5AC494EB2718}.Ad-Hoc|iPhoneSimulator.ActiveCfg = Release|x86
		{2565FC6A-7CBD-405F-8B58-5AC494EB2718}.Ad-Hoc|iPhoneSimulator.Build.0 = Release|x86
		{2565FC6A-7CBD-405F-8B58-5AC494EB2718}.Ad-Hoc|iPhoneSimulator.Deploy.0 = Release|x86
		{2565FC6A-7CBD-405F-8B58-5AC494EB2718}.Ad-Hoc|x64.ActiveCfg = Release|x64
		{2565FC6A-7CBD-405F-8B58-5AC494EB2718}.Ad-Hoc|x64.Build.0 = Release|x64
		{2565FC6A-7CBD-405F-8B58-5AC494EB2718}.Ad-Hoc|x64.Deploy.0 = Release|x64
		{2565FC6A-7CBD-405F-8B58-5AC494EB2718}.Ad-Hoc|x86.ActiveCfg = Release|x86
		{2565FC6A-7CBD-405F-8B58-5AC494EB2718}.Ad-Hoc|x86.Build.0 = Release|x86
		{2565FC6A-7CBD-405F-8B58-5AC494EB2718}.Ad-Hoc|x86.Deploy.0 = Release|x86
		{2565FC6A-7CBD-405F-8B58-5AC494EB2718}.AppStore|Any CPU.ActiveCfg = Release|x86
		{2565FC6A-7CBD-405F-8B58-5AC494EB2718}.AppStore|Any CPU.Build.0 = Release|x86
		{2565FC6A-7CBD-405F-8B58-5AC494EB2718}.AppStore|Any CPU.Deploy.0 = Release|x86
		{2565FC6A-7CBD-405F-8B58-5AC494EB2718}.AppStore|ARM.ActiveCfg = Release|ARM
		{2565FC6A-7CBD-405F-8B58-5AC494EB2718}.AppStore|ARM.Build.0 = Release|ARM
		{2565FC6A-7CBD-405F-8B58-5AC494EB2718}.AppStore|ARM.Deploy.0 = Release|ARM
		{2565FC6A-7CBD-405F-8B58-5AC494EB2718}.AppStore|iPhone.ActiveCfg = Release|x86
		{2565FC6A-7CBD-405F-8B58-5AC494EB2718}.AppStore|iPhone.Build.0 = Release|x86
		{2565FC6A-7CBD-405F-8B58-5AC494EB2718}.AppStore|iPhone.Deploy.0 = Release|x86
		{2565FC6A-7CBD-405F-8B58-5AC494EB2718}.AppStore|iPhoneSimulator.ActiveCfg = Release|x86
		{2565FC6A-7CBD-405F-8B58-5AC494EB2718}.AppStore|iPhoneSimulator.Build.0 = Release|x86
		{2565FC6A-7CBD-405F-8B58-5AC494EB2718}.AppStore|iPhoneSimulator.Deploy.0 = Release|x86
		{2565FC6A-7CBD-405F-8B58-5AC494EB2718}.AppStore|x64.ActiveCfg = Release|x64
		{2565FC6A-7CBD-405F-8B58-5AC494EB2718}.AppStore|x64.Build.0 = Release|x64
		{2565FC6A-7CBD-405F-8B58-5AC494EB2718}.AppStore|x64.Deploy.0 = Release|x64
		{2565FC6A-7CBD-405F-8B58-5AC494EB2718}.AppStore|x86.ActiveCfg = Release|x86
		{2565FC6A-7CBD-405F-8B58-5AC494EB2718}.AppStore|x86.Build.0 = Release|x86
		{2565FC6A-7CBD-405F-8B58-5AC494EB2718}.AppStore|x86.Deploy.0 = Release|x86
		{2565FC6A-7CBD-405F-8B58-5AC494EB2718}.Debug|Any CPU.ActiveCfg = Debug|x86
		{2565FC6A-7CBD-405F-8B58-5AC494EB2718}.Debug|ARM.ActiveCfg = Debug|ARM
		{2565FC6A-7CBD-405F-8B58-5AC494EB2718}.Debug|ARM.Build.0 = Debug|ARM
		{2565FC6A-7CBD-405F-8B58-5AC494EB2718}.Debug|ARM.Deploy.0 = Debug|ARM
		{2565FC6A-7CBD-405F-8B58-5AC494EB2718}.Debug|iPhone.ActiveCfg = Debug|x86
		{2565FC6A-7CBD-405F-8B58-5AC494EB2718}.Debug|iPhoneSimulator.ActiveCfg = Debug|x86
		{2565FC6A-7CBD-405F-8B58-5AC494EB2718}.Debug|x64.ActiveCfg = Debug|x64
		{2565FC6A-7CBD-405F-8B58-5AC494EB2718}.Debug|x64.Build.0 = Debug|x64
		{2565FC6A-7CBD-405F-8B58-5AC494EB2718}.Debug|x64.Deploy.0 = Debug|x64
		{2565FC6A-7CBD-405F-8B58-5AC494EB2718}.Debug|x86.ActiveCfg = Debug|x86
		{2565FC6A-7CBD-405F-8B58-5AC494EB2718}.Debug|x86.Build.0 = Debug|x86
		{2565FC6A-7CBD-405F-8B58-5AC494EB2718}.Debug|x86.Deploy.0 = Debug|x86
		{2565FC6A-7CBD-405F-8B58-5AC494EB2718}.Release|Any CPU.ActiveCfg = Release|x86
		{2565FC6A-7CBD-405F-8B58-5AC494EB2718}.Release|ARM.ActiveCfg = Release|ARM
		{2565FC6A-7CBD-405F-8B58-5AC494EB2718}.Release|ARM.Build.0 = Release|ARM
		{2565FC6A-7CBD-405F-8B58-5AC494EB2718}.Release|ARM.Deploy.0 = Release|ARM
		{2565FC6A-7CBD-405F-8B58-5AC494EB2718}.Release|iPhone.ActiveCfg = Release|x86
		{2565FC6A-7CBD-405F-8B58-5AC494EB2718}.Release|iPhoneSimulator.ActiveCfg = Release|x86
		{2565FC6A-7CBD-405F-8B58-5AC494EB2718}.Release|x64.ActiveCfg = Release|x64
		{2565FC6A-7CBD-405F-8B58-5AC494EB2718}.Release|x64.Build.0 = Release|x64
		{2565FC6A-7CBD-405F-8B58-5AC494EB2718}.Release|x64.Deploy.0 = Release|x64
		{2565FC6A-7CBD-405F-8B58-5AC494EB2718}.Release|x86.ActiveCfg = Release|x86
		{2565FC6A-7CBD-405F-8B58-5AC494EB2718}.Release|x86.Build.0 = Release|x86
		{2565FC6A-7CBD-405F-8B58-5AC494EB2718}.Release|x86.Deploy.0 = Release|x86
		{60B573F2-7D12-43DE-B91D-095A4F2F068A}.Ad-Hoc|Any CPU.ActiveCfg = Release|Any CPU
		{60B573F2-7D12-43DE-B91D-095A4F2F068A}.Ad-Hoc|Any CPU.Build.0 = Release|Any CPU
		{60B573F2-7D12-43DE-B91D-095A4F2F068A}.Ad-Hoc|Any CPU.Deploy.0 = Release|Any CPU
		{60B573F2-7D12-43DE-B91D-095A4F2F068A}.Ad-Hoc|ARM.ActiveCfg = Release|ARM
		{60B573F2-7D12-43DE-B91D-095A4F2F068A}.Ad-Hoc|ARM.Build.0 = Release|ARM
		{60B573F2-7D12-43DE-B91D-095A4F2F068A}.Ad-Hoc|ARM.Deploy.0 = Release|ARM
		{60B573F2-7D12-43DE-B91D-095A4F2F068A}.Ad-Hoc|iPhone.ActiveCfg = Release|Any CPU
		{60B573F2-7D12-43DE-B91D-095A4F2F068A}.Ad-Hoc|iPhone.Build.0 = Release|Any CPU
		{60B573F2-7D12-43DE-B91D-095A4F2F068A}.Ad-Hoc|iPhone.Deploy.0 = Release|Any CPU
		{60B573F2-7D12-43DE-B91D-095A4F2F068A}.Ad-Hoc|iPhoneSimulator.ActiveCfg = Release|Any CPU
		{60B573F2-7D12-43DE-B91D-095A4F2F068A}.Ad-Hoc|iPhoneSimulator.Build.0 = Release|Any CPU
		{60B573F2-7D12-43DE-B91D-095A4F2F068A}.Ad-Hoc|iPhoneSimulator.Deploy.0 = Release|Any CPU
		{60B573F2-7D12-43DE-B91D-095A4F2F068A}.Ad-Hoc|x64.ActiveCfg = Release|x64
		{60B573F2-7D12-43DE-B91D-095A4F2F068A}.Ad-Hoc|x64.Build.0 = Release|x64
		{60B573F2-7D12-43DE-B91D-095A4F2F068A}.Ad-Hoc|x64.Deploy.0 = Release|x64
		{60B573F2-7D12-43DE-B91D-095A4F2F068A}.Ad-Hoc|x86.ActiveCfg = Release|x86
		{60B573F2-7D12-43DE-B91D-095A4F2F068A}.Ad-Hoc|x86.Build.0 = Release|x86
		{60B573F2-7D12-43DE-B91D-095A4F2F068A}.Ad-Hoc|x86.Deploy.0 = Release|x86
		{60B573F2-7D12-43DE-B91D-095A4F2F068A}.AppStore|Any CPU.ActiveCfg = Release|Any CPU
		{60B573F2-7D12-43DE-B91D-095A4F2F068A}.AppStore|Any CPU.Build.0 = Release|Any CPU
		{60B573F2-7D12-43DE-B91D-095A4F2F068A}.AppStore|Any CPU.Deploy.0 = Release|Any CPU
		{60B573F2-7D12-43DE-B91D-095A4F2F068A}.AppStore|ARM.ActiveCfg = Release|ARM
		{60B573F2-7D12-43DE-B91D-095A4F2F068A}.AppStore|ARM.Build.0 = Release|ARM
		{60B573F2-7D12-43DE-B91D-095A4F2F068A}.AppStore|ARM.Deploy.0 = Release|ARM
		{60B573F2-7D12-43DE-B91D-095A4F2F068A}.AppStore|iPhone.ActiveCfg = Release|Any CPU
		{60B573F2-7D12-43DE-B91D-095A4F2F068A}.AppStore|iPhone.Build.0 = Release|Any CPU
		{60B573F2-7D12-43DE-B91D-095A4F2F068A}.AppStore|iPhone.Deploy.0 = Release|Any CPU
		{60B573F2-7D12-43DE-B91D-095A4F2F068A}.AppStore|iPhoneSimulator.ActiveCfg = Release|Any CPU
		{60B573F2-7D12-43DE-B91D-095A4F2F068A}.AppStore|iPhoneSimulator.Build.0 = Release|Any CPU
		{60B573F2-7D12-43DE-B91D-095A4F2F068A}.AppStore|iPhoneSimulator.Deploy.0 = Release|Any CPU
		{60B573F2-7D12-43DE-B91D-095A4F2F068A}.AppStore|x64.ActiveCfg = Release|x64
		{60B573F2-7D12-43DE-B91D-095A4F2F068A}.AppStore|x64.Build.0 = Release|x64
		{60B573F2-7D12-43DE-B91D-095A4F2F068A}.AppStore|x64.Deploy.0 = Release|x64
		{60B573F2-7D12-43DE-B91D-095A4F2F068A}.AppStore|x86.ActiveCfg = Release|x86
		{60B573F2-7D12-43DE-B91D-095A4F2F068A}.AppStore|x86.Build.0 = Release|x86
		{60B573F2-7D12-43DE-B91D-095A4F2F068A}.AppStore|x86.Deploy.0 = Release|x86
		{60B573F2-7D12-43DE-B91D-095A4F2F068A}.Debug|Any CPU.ActiveCfg = Debug|Any CPU
		{60B573F2-7D12-43DE-B91D-095A4F2F068A}.Debug|Any CPU.Build.0 = Debug|Any CPU
		{60B573F2-7D12-43DE-B91D-095A4F2F068A}.Debug|Any CPU.Deploy.0 = Debug|Any CPU
		{60B573F2-7D12-43DE-B91D-095A4F2F068A}.Debug|ARM.ActiveCfg = Debug|ARM
		{60B573F2-7D12-43DE-B91D-095A4F2F068A}.Debug|ARM.Build.0 = Debug|ARM
		{60B573F2-7D12-43DE-B91D-095A4F2F068A}.Debug|ARM.Deploy.0 = Debug|ARM
		{60B573F2-7D12-43DE-B91D-095A4F2F068A}.Debug|iPhone.ActiveCfg = Debug|Any CPU
		{60B573F2-7D12-43DE-B91D-095A4F2F068A}.Debug|iPhone.Build.0 = Debug|Any CPU
		{60B573F2-7D12-43DE-B91D-095A4F2F068A}.Debug|iPhone.Deploy.0 = Debug|Any CPU
		{60B573F2-7D12-43DE-B91D-095A4F2F068A}.Debug|iPhoneSimulator.ActiveCfg = Debug|Any CPU
		{60B573F2-7D12-43DE-B91D-095A4F2F068A}.Debug|iPhoneSimulator.Build.0 = Debug|Any CPU
		{60B573F2-7D12-43DE-B91D-095A4F2F068A}.Debug|iPhoneSimulator.Deploy.0 = Debug|Any CPU
		{60B573F2-7D12-43DE-B91D-095A4F2F068A}.Debug|x64.ActiveCfg = Debug|x64
		{60B573F2-7D12-43DE-B91D-095A4F2F068A}.Debug|x64.Build.0 = Debug|x64
		{60B573F2-7D12-43DE-B91D-095A4F2F068A}.Debug|x64.Deploy.0 = Debug|x64
		{60B573F2-7D12-43DE-B91D-095A4F2F068A}.Debug|x86.ActiveCfg = Debug|x86
		{60B573F2-7D12-43DE-B91D-095A4F2F068A}.Debug|x86.Build.0 = Debug|x86
		{60B573F2-7D12-43DE-B91D-095A4F2F068A}.Debug|x86.Deploy.0 = Debug|x86
		{60B573F2-7D12-43DE-B91D-095A4F2F068A}.Release|Any CPU.ActiveCfg = Release|Any CPU
		{60B573F2-7D12-43DE-B91D-095A4F2F068A}.Release|Any CPU.Build.0 = Release|Any CPU
		{60B573F2-7D12-43DE-B91D-095A4F2F068A}.Release|Any CPU.Deploy.0 = Release|Any CPU
		{60B573F2-7D12-43DE-B91D-095A4F2F068A}.Release|ARM.ActiveCfg = Release|ARM
		{60B573F2-7D12-43DE-B91D-095A4F2F068A}.Release|ARM.Build.0 = Release|ARM
		{60B573F2-7D12-43DE-B91D-095A4F2F068A}.Release|ARM.Deploy.0 = Release|ARM
		{60B573F2-7D12-43DE-B91D-095A4F2F068A}.Release|iPhone.ActiveCfg = Release|Any CPU
		{60B573F2-7D12-43DE-B91D-095A4F2F068A}.Release|iPhone.Build.0 = Release|Any CPU
		{60B573F2-7D12-43DE-B91D-095A4F2F068A}.Release|iPhone.Deploy.0 = Release|Any CPU
		{60B573F2-7D12-43DE-B91D-095A4F2F068A}.Release|iPhoneSimulator.ActiveCfg = Release|Any CPU
		{60B573F2-7D12-43DE-B91D-095A4F2F068A}.Release|iPhoneSimulator.Build.0 = Release|Any CPU
		{60B573F2-7D12-43DE-B91D-095A4F2F068A}.Release|iPhoneSimulator.Deploy.0 = Release|Any CPU
		{60B573F2-7D12-43DE-B91D-095A4F2F068A}.Release|x64.ActiveCfg = Release|x64
		{60B573F2-7D12-43DE-B91D-095A4F2F068A}.Release|x64.Build.0 = Release|x64
		{60B573F2-7D12-43DE-B91D-095A4F2F068A}.Release|x64.Deploy.0 = Release|x64
		{60B573F2-7D12-43DE-B91D-095A4F2F068A}.Release|x86.ActiveCfg = Release|x86
		{60B573F2-7D12-43DE-B91D-095A4F2F068A}.Release|x86.Build.0 = Release|x86
		{60B573F2-7D12-43DE-B91D-095A4F2F068A}.Release|x86.Deploy.0 = Release|x86
		{28B5740A-F926-4D4A-925F-694FCEFD74E6}.Ad-Hoc|Any CPU.ActiveCfg = Release|Any CPU
		{28B5740A-F926-4D4A-925F-694FCEFD74E6}.Ad-Hoc|Any CPU.Build.0 = Release|Any CPU
		{28B5740A-F926-4D4A-925F-694FCEFD74E6}.Ad-Hoc|ARM.ActiveCfg = Release|Any CPU
		{28B5740A-F926-4D4A-925F-694FCEFD74E6}.Ad-Hoc|ARM.Build.0 = Release|Any CPU
		{28B5740A-F926-4D4A-925F-694FCEFD74E6}.Ad-Hoc|iPhone.ActiveCfg = Release|Any CPU
		{28B5740A-F926-4D4A-925F-694FCEFD74E6}.Ad-Hoc|iPhone.Build.0 = Release|Any CPU
		{28B5740A-F926-4D4A-925F-694FCEFD74E6}.Ad-Hoc|iPhoneSimulator.ActiveCfg = Release|Any CPU
		{28B5740A-F926-4D4A-925F-694FCEFD74E6}.Ad-Hoc|iPhoneSimulator.Build.0 = Release|Any CPU
		{28B5740A-F926-4D4A-925F-694FCEFD74E6}.Ad-Hoc|x64.ActiveCfg = Release|Any CPU
		{28B5740A-F926-4D4A-925F-694FCEFD74E6}.Ad-Hoc|x64.Build.0 = Release|Any CPU
		{28B5740A-F926-4D4A-925F-694FCEFD74E6}.Ad-Hoc|x86.ActiveCfg = Release|Any CPU
		{28B5740A-F926-4D4A-925F-694FCEFD74E6}.Ad-Hoc|x86.Build.0 = Release|Any CPU
		{28B5740A-F926-4D4A-925F-694FCEFD74E6}.AppStore|Any CPU.ActiveCfg = Release|Any CPU
		{28B5740A-F926-4D4A-925F-694FCEFD74E6}.AppStore|Any CPU.Build.0 = Release|Any CPU
		{28B5740A-F926-4D4A-925F-694FCEFD74E6}.AppStore|ARM.ActiveCfg = Release|Any CPU
		{28B5740A-F926-4D4A-925F-694FCEFD74E6}.AppStore|ARM.Build.0 = Release|Any CPU
		{28B5740A-F926-4D4A-925F-694FCEFD74E6}.AppStore|iPhone.ActiveCfg = Release|Any CPU
		{28B5740A-F926-4D4A-925F-694FCEFD74E6}.AppStore|iPhone.Build.0 = Release|Any CPU
		{28B5740A-F926-4D4A-925F-694FCEFD74E6}.AppStore|iPhoneSimulator.ActiveCfg = Release|Any CPU
		{28B5740A-F926-4D4A-925F-694FCEFD74E6}.AppStore|iPhoneSimulator.Build.0 = Release|Any CPU
		{28B5740A-F926-4D4A-925F-694FCEFD74E6}.AppStore|x64.ActiveCfg = Release|Any CPU
		{28B5740A-F926-4D4A-925F-694FCEFD74E6}.AppStore|x64.Build.0 = Release|Any CPU
		{28B5740A-F926-4D4A-925F-694FCEFD74E6}.AppStore|x86.ActiveCfg = Release|Any CPU
		{28B5740A-F926-4D4A-925F-694FCEFD74E6}.AppStore|x86.Build.0 = Release|Any CPU
		{28B5740A-F926-4D4A-925F-694FCEFD74E6}.Debug|Any CPU.ActiveCfg = Debug|Any CPU
		{28B5740A-F926-4D4A-925F-694FCEFD74E6}.Debug|Any CPU.Build.0 = Debug|Any CPU
		{28B5740A-F926-4D4A-925F-694FCEFD74E6}.Debug|ARM.ActiveCfg = Debug|Any CPU
		{28B5740A-F926-4D4A-925F-694FCEFD74E6}.Debug|ARM.Build.0 = Debug|Any CPU
		{28B5740A-F926-4D4A-925F-694FCEFD74E6}.Debug|iPhone.ActiveCfg = Debug|Any CPU
		{28B5740A-F926-4D4A-925F-694FCEFD74E6}.Debug|iPhone.Build.0 = Debug|Any CPU
		{28B5740A-F926-4D4A-925F-694FCEFD74E6}.Debug|iPhoneSimulator.ActiveCfg = Debug|Any CPU
		{28B5740A-F926-4D4A-925F-694FCEFD74E6}.Debug|iPhoneSimulator.Build.0 = Debug|Any CPU
		{28B5740A-F926-4D4A-925F-694FCEFD74E6}.Debug|x64.ActiveCfg = Debug|Any CPU
		{28B5740A-F926-4D4A-925F-694FCEFD74E6}.Debug|x64.Build.0 = Debug|Any CPU
		{28B5740A-F926-4D4A-925F-694FCEFD74E6}.Debug|x86.ActiveCfg = Debug|Any CPU
		{28B5740A-F926-4D4A-925F-694FCEFD74E6}.Debug|x86.Build.0 = Debug|Any CPU
		{28B5740A-F926-4D4A-925F-694FCEFD74E6}.Release|Any CPU.ActiveCfg = Release|Any CPU
		{28B5740A-F926-4D4A-925F-694FCEFD74E6}.Release|Any CPU.Build.0 = Release|Any CPU
		{28B5740A-F926-4D4A-925F-694FCEFD74E6}.Release|ARM.ActiveCfg = Release|Any CPU
		{28B5740A-F926-4D4A-925F-694FCEFD74E6}.Release|ARM.Build.0 = Release|Any CPU
		{28B5740A-F926-4D4A-925F-694FCEFD74E6}.Release|iPhone.ActiveCfg = Release|Any CPU
		{28B5740A-F926-4D4A-925F-694FCEFD74E6}.Release|iPhone.Build.0 = Release|Any CPU
		{28B5740A-F926-4D4A-925F-694FCEFD74E6}.Release|iPhoneSimulator.ActiveCfg = Release|Any CPU
		{28B5740A-F926-4D4A-925F-694FCEFD74E6}.Release|iPhoneSimulator.Build.0 = Release|Any CPU
		{28B5740A-F926-4D4A-925F-694FCEFD74E6}.Release|x64.ActiveCfg = Release|Any CPU
		{28B5740A-F926-4D4A-925F-694FCEFD74E6}.Release|x64.Build.0 = Release|Any CPU
		{28B5740A-F926-4D4A-925F-694FCEFD74E6}.Release|x86.ActiveCfg = Release|Any CPU
		{28B5740A-F926-4D4A-925F-694FCEFD74E6}.Release|x86.Build.0 = Release|Any CPU
	EndGlobalSection
	GlobalSection(SolutionProperties) = preSolution
		HideSolutionNode = FALSE
	EndGlobalSection
EndGlobal
